PATH
  remote: .
  specs:
    weft-sdk (0.8.0)
      typhoeus (~> 1.0)

GEM
  remote: https://rubygems.org/
  specs:
    ethon (0.18.0)
      ffi (>= 1.15.0)
      logger
    ffi (1.17.4)
    ffi (1.17.4-arm64-darwin)
    logger (1.7.0)
    minitest (5.27.0)
    rake (13.3.1)
    typhoeus (1.6.0)
      ethon (>= 0.18.0)

PLATFORMS
  arm64-darwin-24
  ruby

DEPENDENCIES
  minitest (~> 5.0)
  rake (~> 13.0)
  weft-sdk!

CHECKSUMS
  ethon (0.18.0) sha256=b598afc9f30448cb068b850714b7d6948e941476095d04f90a4ac65b8d6efcb2
  ffi (1.17.4) sha256=bcd1642e06f0d16fc9e09ac6d49c3a7298b9789bcb58127302f934e437d60acf
  ffi (1.17.4-arm64-darwin) sha256=19071aaf1419251b0a46852abf960e77330a3b334d13a4ab51d58b31a937001b
  logger (1.7.0) sha256=196edec7cc44b66cfb40f9755ce11b392f21f7967696af15d274dde7edff0203
  minitest (5.27.0) sha256=2d3b17f8a36fe7801c1adcffdbc38233b938eb0b4966e97a6739055a45fa77d5
  rake (13.3.1) sha256=8c9e89d09f66a26a01264e7e3480ec0607f0c497a861ef16063604b1b08eb19c
  typhoeus (1.6.0) sha256=bacc41c23e379547e29801dc235cd1699b70b955a1ba3d32b2b877aa844c331d
  weft-sdk (0.8.0)

BUNDLED WITH
  4.0.5
